Microsoft Visual Studio Solution File, Format Version 12.00
# Visual Studio Version 17
VisualStudioVersion = 17.7.34024.191
MinimumVisualStudioVersion = 10.0.40219.1
Project("{2150E333-8FDC-42A3-9474-1A3956D46DE8}") = "DesignPatterns", "DesignPatterns", "{7F365772-9267-42F2-AF6C-4B2416DF7DE2}"
EndProject
Project("{2150E333-8FDC-42A3-9474-1A3956D46DE8}") = "BehaviourPatterns", "BehaviourPatterns", "{87F62051-8281-4FB3-9FBA-0C581C02337E}"
EndProject
Project("{2150E333-8FDC-42A3-9474-1A3956D46DE8}") = "CreationalPatterns", "CreationalPatterns", "{2FDA220A-5723-4A28-943A-7AE044DCD0D7}"
EndProject
Project("{2150E333-8FDC-42A3-9474-1A3956D46DE8}") = "StructuralPatterns", "StructuralPatterns", "{66F2519A-8343-4F99-9AAD-4D590CA61C1D}"
EndProject
Project("{2150E333-8FDC-42A3-9474-1A3956D46DE8}") = "StrategyPattern", "StrategyPattern", "{39F9BB85-ABB6-4D0A-A0E0-FCA332D0E872}"
EndProject
Project("{2150E333-8FDC-42A3-9474-1A3956D46DE8}") = "TemplateMethodPattern", "TemplateMethodPattern", "{722E1075-2124-4A13-AB62-AC58DE79F50C}"
EndProject
Project("{2150E333-8FDC-42A3-9474-1A3956D46DE8}") = "AbstractFactoryPattern", "AbstractFactoryPattern", "{861A4622-9803-4F18-92CC-D55894CE870D}"
EndProject
Project("{2150E333-8FDC-42A3-9474-1A3956D46DE8}") = "AdapterPattern", "AdapterPattern", "{11AEAAEE-0750-495B-AD00-E927AC08567D}"
EndProject
Project("{2150E333-8FDC-42A3-9474-1A3956D46DE8}") = "DecoratorPattern", "DecoratorPattern", "{AB6BC1EE-E793-4049-B970-B8A4E9DE5F72}"
EndProject
Project("{2150E333-8FDC-42A3-9474-1A3956D46DE8}") = "FacadePattern", "FacadePattern", "{BB77C8D5-D7DE-4BCD-B83F-E3599FA8DFA7}"
EndProject
Project("{9A19103F-16F7-4668-BE54-9A1E7A4F7556}") = "StrategyPattern_concept", "DesignPatterns\BehaviourPatterns\StrategyPattern\StrategyPattern_concept\StrategyPattern_concept.csproj", "{51173E98-D2DB-461A-BF4E-3F0F0EC3CFF0}"
EndProject
Project("{2150E333-8FDC-42A3-9474-1A3956D46DE8}") = "StrategyPattern_example", "StrategyPattern_example", "{829DCAFB-ADFC-49F6-97DC-29021E917539}"
EndProject
Project("{2150E333-8FDC-42A3-9474-1A3956D46DE8}") = "TemplateMethodPattern_example", "TemplateMethodPattern_example", "{28FD517A-1359-4FFB-8F1D-6EE6303DCB71}"
EndProject
Project("{2150E333-8FDC-42A3-9474-1A3956D46DE8}") = "AbstractFactoryPattern_example", "AbstractFactoryPattern_example", "{F04CCD20-D2EB-45E4-B66F-1D6D6551CB3A}"
EndProject
Project("{2150E333-8FDC-42A3-9474-1A3956D46DE8}") = "AdapterPattern_example", "AdapterPattern_example", "{00F7229C-7503-4A56-A25F-FEBED95DA635}"
EndProject
Project("{2150E333-8FDC-42A3-9474-1A3956D46DE8}") = "DecoratorPattern_example", "DecoratorPattern_example", "{58F823C8-4F36-4BC4-BB14-643796675C2B}"
EndProject
Project("{2150E333-8FDC-42A3-9474-1A3956D46DE8}") = "FacadePattern_example", "FacadePattern_example", "{A3FE4252-D71B-48F0-947D-C2B40CE454F7}"
EndProject
Project("{9A19103F-16F7-4668-BE54-9A1E7A4F7556}") = "StrategyPatern_problem", "DesignPatterns\BehaviourPatterns\StrategyPattern\StrategyPattern_example\StrategyPatern_problem\StrategyPatern_problem.csproj", "{ADF6D80D-1E01-40ED-9830-E23E66893FAE}"
EndProject
Project("{9A19103F-16F7-4668-BE54-9A1E7A4F7556}") = "StrategyPattern_challenge", "DesignPatterns\BehaviourPatterns\StrategyPattern\StrategyPattern_example\StrategyPattern_challenge\StrategyPattern_challenge.csproj", "{0474524B-3B99-4CF8-814D-09B44362631B}"
EndProject
Project("{9A19103F-16F7-4668-BE54-9A1E7A4F7556}") = "StrategyPattern_challengeSolved", "DesignPatterns\BehaviourPatterns\StrategyPattern\StrategyPattern_example\StrategyPattern_challengeSolved\StrategyPattern_challengeSolved.csproj", "{18EEA3A3-02D1-44DC-9B02-D517A286DDD0}"
EndProject
Project("{9A19103F-16F7-4668-BE54-9A1E7A4F7556}") = "TemplatePattern_concept", "DesignPatterns\BehaviourPatterns\TemplateMethodPattern\TemplateMethodPattern_concept\TemplatePattern_concept.csproj", "{291B9907-31AC-488C-A086-DB6B9A203170}"
EndProject
Project("{9A19103F-16F7-4668-BE54-9A1E7A4F7556}") = "TemplatePattern_problem", "DesignPatterns\BehaviourPatterns\TemplateMethodPattern\TemplateMethod_example\TemplatePattern_problem\TemplatePattern_problem.csproj", "{3AAC94AE-1D9C-46A5-B5D6-C37584FD9CB4}"
EndProject
Project("{9A19103F-16F7-4668-BE54-9A1E7A4F7556}") = "TemplatePattern_challenge", "DesignPatterns\BehaviourPatterns\TemplateMethodPattern\TemplateMethod_example\TemplatePattern_challenge\TemplatePattern_challenge.csproj", "{FF196B19-FC02-4934-BEF2-9193049697FF}"
EndProject
Project("{9A19103F-16F7-4668-BE54-9A1E7A4F7556}") = "TemplatePattern_challengeSolved", "DesignPatterns\BehaviourPatterns\TemplateMethodPattern\TemplateMethod_example\TemplatePattern_challengeSolved\TemplatePattern_challengeSolved.csproj", "{843CC056-EFDB-4399-ADAB-1A9278452894}"
EndProject
Project("{9A19103F-16F7-4668-BE54-9A1E7A4F7556}") = "AbstractFactoryPattern_concept", "DesignPatterns\CreationalPatterns\AbstractFactoryPattern\AbstractFactoryPattern_concept\AbstractFactoryPattern_concept.csproj", "{B47D8B2E-C9CB-4727-9EFC-5B97F90B9BF3}"
EndProject
Project("{9A19103F-16F7-4668-BE54-9A1E7A4F7556}") = "AbstractFactory_problem", "DesignPatterns\CreationalPatterns\AbstractFactoryPattern\AbstractFactoryPattern_example\AbstractFactory_problem\AbstractFactory_problem.csproj", "{9938B4C5-BC05-4D76-A63F-B7FC1B1C9A0E}"
EndProject
Project("{9A19103F-16F7-4668-BE54-9A1E7A4F7556}") = "AbstractFactory_challenge", "DesignPatterns\CreationalPatterns\AbstractFactoryPattern\AbstractFactoryPattern_example\AbstractFactory_challenge\AbstractFactory_challenge.csproj", "{1BC0FFA3-5E96-4D08-9965-4874C016EC62}"
EndProject
Project("{9A19103F-16F7-4668-BE54-9A1E7A4F7556}") = "AbstractFactory_challengeSolved", "DesignPatterns\CreationalPatterns\AbstractFactoryPattern\AbstractFactoryPattern_example\AbstractFactory_challengeSolved\AbstractFactory_challengeSolved.csproj", "{7043727A-407A-46E8-ABB8-E838071751D3}"
EndProject
Project("{9A19103F-16F7-4668-BE54-9A1E7A4F7556}") = "AdapterPattern_concept", "DesignPatterns\StructuralPatterns\AdapterPattern\AdapterPattern_concept\AdapterPattern_concept.csproj", "{5DF4F8A9-F078-42A8-8F68-9F7640F3880C}"
EndProject
Project("{9A19103F-16F7-4668-BE54-9A1E7A4F7556}") = "AdapterPattern_problem", "DesignPatterns\StructuralPatterns\AdapterPattern\AdapterPattern_example\AdapterPattern_problem\AdapterPattern_problem.csproj", "{F6F811B6-2B5B-497C-B311-69C3DCFE9F83}"
EndProject
Project("{9A19103F-16F7-4668-BE54-9A1E7A4F7556}") = "AdapterPattern_challenge", "DesignPatterns\StructuralPatterns\AdapterPattern\AdapterPattern_example\AdapterPattern_challenge\AdapterPattern_challenge.csproj", "{80D81C2A-1F0C-4C56-A4D5-9DE7A15DEAD7}"
EndProject
Project("{9A19103F-16F7-4668-BE54-9A1E7A4F7556}") = "AdapterPattern_challengeSolved", "DesignPatterns\StructuralPatterns\AdapterPattern\AdapterPattern_example\AdapterPattern_challengeSolved\AdapterPattern_challengeSolved.csproj", "{F1ACE5AD-3304-4B8E-8DE0-2DC723AC8308}"
EndProject
Project("{9A19103F-16F7-4668-BE54-9A1E7A4F7556}") = "DecoratorPattern_concept", "DesignPatterns\StructuralPatterns\DecoratorPattern\DecoratorPattern_concept\DecoratorPattern_concept.csproj", "{C3C0A0F0-39A9-4271-B257-ACA013022961}"
EndProject
Project("{9A19103F-16F7-4668-BE54-9A1E7A4F7556}") = "DecoratorPattern_problem", "DesignPatterns\StructuralPatterns\DecoratorPattern\DecoratorPattern_example\DecoratorPattern_problem\DecoratorPattern_problem.csproj", "{183809F6-1B69-4E63-A326-41F0A1975866}"
EndProject
Project("{9A19103F-16F7-4668-BE54-9A1E7A4F7556}") = "DecoratorPattern_challenge", "DesignPatterns\StructuralPatterns\DecoratorPattern\DecoratorPattern_example\DecoratorPattern_challenge\DecoratorPattern_challenge.csproj", "{211D6D60-381F-4930-A43B-6F67F0902DFF}"
EndProject
Project("{9A19103F-16F7-4668-BE54-9A1E7A4F7556}") = "DecoratorPattern_challengeSolved", "DesignPatterns\StructuralPatterns\DecoratorPattern\DecoratorPattern_example\DecoratorPattern_challengeSolved\DecoratorPattern_challengeSolved.csproj", "{0BB25D22-7975-4B7B-A284-C3F5A2D49854}"
EndProject
Project("{9A19103F-16F7-4668-BE54-9A1E7A4F7556}") = "FacadePattern_concept", "DesignPatterns\StructuralPatterns\FacadePattern\FacadePattern_concept\FacadePattern_concept.csproj", "{922307D7-EFC0-4D77-9B0B-4B66381320F0}"
EndProject
Project("{9A19103F-16F7-4668-BE54-9A1E7A4F7556}") = "FacadePattern_problem", "DesignPatterns\StructuralPatterns\FacadePattern\FacadePattern_example\FacadePattern_problem\FacadePattern_problem.csproj", "{55C9F033-A3EC-4A6C-B45A-096F3D850675}"
EndProject
Project("{9A19103F-16F7-4668-BE54-9A1E7A4F7556}") = "FacadePattern_challenge", "DesignPatterns\StructuralPatterns\FacadePattern\FacadePattern_example\FacadePattern_challenge\FacadePattern_challenge.csproj", "{C9D6B043-0497-4BE1-AA2E-D0F348C5821A}"
EndProject
Project("{9A19103F-16F7-4668-BE54-9A1E7A4F7556}") = "FacadePattern_challengedSolved", "DesignPatterns\StructuralPatterns\FacadePattern\FacadePattern_example\FacadePattern_challengedSolved\FacadePattern_challengedSolved.csproj", "{155264B4-51BF-43C1-B47D-FC0060B44F2D}"
EndProject
Project("{2150E333-8FDC-42A3-9474-1A3956D46DE8}") = "Tests", "Tests", "{F5CEF873-E025-49ED-B974-7BCAE4386875}"
EndProject
Project("{9A19103F-16F7-4668-BE54-9A1E7A4F7556}") = "SolidPrinciples.Tests", "SolidPrinciples.Tests\SolidPrinciples.Tests.csproj", "{1464DF75-3D86-4292-9FC1-0B4C69D82A70}"
EndProject
Project("{2150E333-8FDC-42A3-9474-1A3956D46DE8}") = "SOLIDprinciples", "SOLIDprinciples", "{7F1351EE-3D08-40C5-9766-AFC31881C658}"
EndProject
Project("{2150E333-8FDC-42A3-9474-1A3956D46DE8}") = "OpenClosed", "OpenClosed", "{4EC2DD46-EDB4-4B27-80AC-141ECDE996B6}"
EndProject
Project("{2150E333-8FDC-42A3-9474-1A3956D46DE8}") = "LiskovSubtitution", "LiskovSubtitution", "{915FB00E-7812-4A14-A9E7-21F7267CB264}"
EndProject
Project("{2150E333-8FDC-42A3-9474-1A3956D46DE8}") = "InterfaceSegregation", "InterfaceSegregation", "{0884B5EB-4B6E-42E4-9721-9A768C51D884}"
EndProject
Project("{2150E333-8FDC-42A3-9474-1A3956D46DE8}") = "DependencyInversion", "DependencyInversion", "{D21C7BEF-C20B-451A-9833-83192C420BD3}"
EndProject
Project("{9A19103F-16F7-4668-BE54-9A1E7A4F7556}") = "OpenClosed_BadDesign", "SOLIDprinciples\OpenClosed\OpenClosed_BadDesign\OpenClosed_BadDesign.csproj", "{7AF2AE3E-370B-4207-98C2-FB5C09EE4125}"
EndProject
Project("{9A19103F-16F7-4668-BE54-9A1E7A4F7556}") = "OpenClosed_GoodDesign", "SOLIDprinciples\OpenClosed\OpenClosed_GoodDesign\OpenClosed_GoodDesign.csproj", "{4F507BA2-6F06-47D5-8BC1-F82686E0F2EA}"
EndProject
Project("{9A19103F-16F7-4668-BE54-9A1E7A4F7556}") = "OpenClosed_DecoratorPattern", "SOLIDprinciples\OpenClosed\OpenClosed_DecoratorPattern\OpenClosed_DecoratorPattern.csproj", "{DC9C47AA-BE6D-4663-80D5-65CB019D3A28}"
EndProject
Project("{9A19103F-16F7-4668-BE54-9A1E7A4F7556}") = "OpenClosed_StrategyPattern", "SOLIDprinciples\OpenClosed\OpenClosed_StrategyPattern\OpenClosed_StrategyPattern.csproj", "{5CE811D9-59F7-47DF-B619-743696DA3796}"
EndProject
Project("{9A19103F-16F7-4668-BE54-9A1E7A4F7556}") = "LiskovSubstitution_ BadDesign", "SOLIDprinciples\LiskovSubstitution\LiskovSubstitution_ BadDesign\LiskovSubstitution_ BadDesign.csproj", "{B1E038A8-F764-4AC2-B206-07942E1B4A04}"
EndProject
Project("{9A19103F-16F7-4668-BE54-9A1E7A4F7556}") = "LiskovSubstitution_GoodDesignWithTemplatePattern", "SOLIDprinciples\LiskovSubstitution\LiskovSubstitution_GoodDesignWithTemplatePattern\LiskovSubstitution_GoodDesignWithTemplatePattern.csproj", "{9F6FEF1A-5AE2-4C26-A6AB-B28913B0C3EF}"
EndProject
Project("{9A19103F-16F7-4668-BE54-9A1E7A4F7556}") = "InterfaceSegregation_BadDesign", "SOLIDprinciples\InterfaceSegregation\InterfaceSegregation_BadDesign\InterfaceSegregation_BadDesign.csproj", "{A9C9ED49-DD5A-4466-9F2A-79B5006BA940}"
EndProject
Project("{9A19103F-16F7-4668-BE54-9A1E7A4F7556}") = "InterfaceSegregation_GoodDesign", "SOLIDprinciples\InterfaceSegregation\InterfaceSegregation_GoodDesign\InterfaceSegregation_GoodDesign.csproj", "{FA9F239D-697B-4946-B35B-C86D269C7F62}"
EndProject
Project("{9A19103F-16F7-4668-BE54-9A1E7A4F7556}") = "DependencyInversion_BadDesign", "SOLIDprinciples\DependencyInversion\DependencyInversion_BadDesign\DependencyInversion_BadDesign.csproj", "{EB43956C-653E-45AB-AFF8-1776596EB3D0}"
EndProject
Project("{9A19103F-16F7-4668-BE54-9A1E7A4F7556}") = "DependencyInversion_GoodDesign", "SOLIDprinciples\DependencyInversion\DependencyInversion_GoodDesign\DependencyInversion_GoodDesign.csproj", "{EC71D90B-7A28-4B2B-A2D0-E4BC32598153}"
EndProject
Project("{9A19103F-16F7-4668-BE54-9A1E7A4F7556}") = "DependencyInversion_AbstractFactoryPattern", "SOLIDprinciples\DependencyInversion\DependencyInversion_AbstractFactoryPattern\DependencyInversion_AbstractFactoryPattern.csproj", "{A43EB3A3-192A-47F9-9F51-69D3215861C4}"
EndProject
Project("{9A19103F-16F7-4668-BE54-9A1E7A4F7556}") = "DependencyInversion_fludInterfacePattern", "SOLIDprinciples\DependencyInversion\DependencyInversion_fludInterfacePattern\DependencyInversion_fludInterfacePattern.csproj", "{D8338193-0BB8-4900-BC00-5B538BFEE930}"
EndProject
Project("{9A19103F-16F7-4668-BE54-9A1E7A4F7556}") = "DesignPatterns.Tests", "DesignPatterns.Tests\DesignPatterns.Tests.csproj", "{1B25DBA8-68B0-496B-99F7-7900A4FB7FA5}"
EndProject
Project("{2150E333-8FDC-42A3-9474-1A3956D46DE8}") = "CompositePattern", "CompositePattern", "{6E37CB56-0591-4FB3-BBAF-7EC1C88C3BE9}"
EndProject
Project("{9A19103F-16F7-4668-BE54-9A1E7A4F7556}") = "CompositePattern_concept", "DesignPatterns\StructuralPatterns\CompositePattern\CompositePattern_concept\CompositePattern_concept.csproj", "{13248987-BEB8-4C72-833E-2AF56B711087}"
EndProject
Project("{2150E333-8FDC-42A3-9474-1A3956D46DE8}") = "CompositePattern_example", "CompositePattern_example", "{CE3FE3DC-F11D-4CF7-9FA6-081E376DD6C5}"
EndProject
Project("{9A19103F-16F7-4668-BE54-9A1E7A4F7556}") = "CompositePatern_challenge", "DesignPatterns\StructuralPatterns\CompositePattern\CompositePattern_example\CompositePatern_challenge\CompositePatern_challenge.csproj", "{1C01276E-D810-443E-9766-3AB8758B9ED6}"
EndProject
Project("{9A19103F-16F7-4668-BE54-9A1E7A4F7556}") = "LiskovSubstitution_MFeathersExample", "SOLIDprinciples\LiskovSubstitution\LiskovSubstitution_MFeathersExample\LiskovSubstitution_MFeathersExample.csproj", "{E8269DC1-511A-44FA-9F80-EEF258C2D9D8}"
EndProject
Project("{D954291E-2A0B-460D-934E-DC6B0785DB48}") = "DependencyInversion_Shared", "DependencyInversion_Shared\DependencyInversion_Shared.shproj", "{AFFCC124-8729-416A-A32B-E25D15A88869}"
EndProject
Project("{2150E333-8FDC-42A3-9474-1A3956D46DE8}") = "Solution Items", "Solution Items", "{C86DFED1-2D31-4B7C-B291-CC0C819DFD11}"
EndProject
Project("{D954291E-2A0B-460D-934E-DC6B0785DB48}") = "InterfaceSegregation_Shared", "InterfaceSegregation_Shared\InterfaceSegregation_Shared.shproj", "{05CC6E4F-B96B-4E7A-8F08-52F1980B16D8}"
EndProject
Project("{2150E333-8FDC-42A3-9474-1A3956D46DE8}") = "SingleResponsibility", "SingleResponsibility", "{DEF0DC6A-7156-4578-AA8B-232066144988}"
EndProject
Project("{9A19103F-16F7-4668-BE54-9A1E7A4F7556}") = "SingleResponsibility_BadDesign", "SOLIDprinciples\SingleResponsibility\SingleResponsibility_BadDesign\SingleResponsibility_BadDesign.csproj", "{6F2825ED-484D-4D65-9DF6-C038AC1ED939}"
EndProject
Project("{9A19103F-16F7-4668-BE54-9A1E7A4F7556}") = "SingleResponsibility_FacadePattern", "SOLIDprinciples\SingleResponsibility\SingleResponsibility_FacadePattern\SingleResponsibility_FacadePattern.csproj", "{BEA092C6-1984-486A-ACE0-6EC20E526728}"
EndProject
Project("{9A19103F-16F7-4668-BE54-9A1E7A4F7556}") = "SingleResponsibility_GoodDesign", "SOLIDprinciples\SingleResponsibility\SingleResponsibility_GoodDesign\SingleResponsibility_GoodDesign.csproj", "{D7390D9B-1869-4C15-9347-31338831D377}"
EndProject
Project("{D954291E-2A0B-460D-934E-DC6B0785DB48}") = "SingleResponsibility_Shared", "SingleResponsibility_Shared\SingleResponsibility_Shared.shproj", "{B82C448B-6B46-489F-B160-46DFB19FC5BB}"
EndProject
Global
	GlobalSection(SolutionConfigurationPlatforms) = preSolution
		Debug|Any CPU = Debug|Any CPU
		Release|Any CPU = Release|Any CPU
	EndGlobalSection
	GlobalSection(ProjectConfigurationPlatforms) = postSolution
		{51173E98-D2DB-461A-BF4E-3F0F0EC3CFF0}.Debug|Any CPU.ActiveCfg = Debug|Any CPU
		{51173E98-D2DB-461A-BF4E-3F0F0EC3CFF0}.Debug|Any CPU.Build.0 = Debug|Any CPU
		{51173E98-D2DB-461A-BF4E-3F0F0EC3CFF0}.Release|Any CPU.ActiveCfg = Release|Any CPU
		{51173E98-D2DB-461A-BF4E-3F0F0EC3CFF0}.Release|Any CPU.Build.0 = Release|Any CPU
		{ADF6D80D-1E01-40ED-9830-E23E66893FAE}.Debug|Any CPU.ActiveCfg = Debug|Any CPU
		{ADF6D80D-1E01-40ED-9830-E23E66893FAE}.Debug|Any CPU.Build.0 = Debug|Any CPU
		{ADF6D80D-1E01-40ED-9830-E23E66893FAE}.Release|Any CPU.ActiveCfg = Release|Any CPU
		{ADF6D80D-1E01-40ED-9830-E23E66893FAE}.Release|Any CPU.Build.0 = Release|Any CPU
		{0474524B-3B99-4CF8-814D-09B44362631B}.Debug|Any CPU.ActiveCfg = Debug|Any CPU
		{0474524B-3B99-4CF8-814D-09B44362631B}.Debug|Any CPU.Build.0 = Debug|Any CPU
		{0474524B-3B99-4CF8-814D-09B44362631B}.Release|Any CPU.ActiveCfg = Release|Any CPU
		{0474524B-3B99-4CF8-814D-09B44362631B}.Release|Any CPU.Build.0 = Release|Any CPU
		{18EEA3A3-02D1-44DC-9B02-D517A286DDD0}.Debug|Any CPU.ActiveCfg = Debug|Any CPU
		{18EEA3A3-02D1-44DC-9B02-D517A286DDD0}.Debug|Any CPU.Build.0 = Debug|Any CPU
		{18EEA3A3-02D1-44DC-9B02-D517A286DDD0}.Release|Any CPU.ActiveCfg = Release|Any CPU
		{18EEA3A3-02D1-44DC-9B02-D517A286DDD0}.Release|Any CPU.Build.0 = Release|Any CPU
		{291B9907-31AC-488C-A086-DB6B9A203170}.Debug|Any CPU.ActiveCfg = Debug|Any CPU
		{291B9907-31AC-488C-A086-DB6B9A203170}.Debug|Any CPU.Build.0 = Debug|Any CPU
		{291B9907-31AC-488C-A086-DB6B9A203170}.Release|Any CPU.ActiveCfg = Release|Any CPU
		{291B9907-31AC-488C-A086-DB6B9A203170}.Release|Any CPU.Build.0 = Release|Any CPU
		{3AAC94AE-1D9C-46A5-B5D6-C37584FD9CB4}.Debug|Any CPU.ActiveCfg = Debug|Any CPU
		{3AAC94AE-1D9C-46A5-B5D6-C37584FD9CB4}.Debug|Any CPU.Build.0 = Debug|Any CPU
		{3AAC94AE-1D9C-46A5-B5D6-C37584FD9CB4}.Release|Any CPU.ActiveCfg = Release|Any CPU
		{3AAC94AE-1D9C-46A5-B5D6-C37584FD9CB4}.Release|Any CPU.Build.0 = Release|Any CPU
		{FF196B19-FC02-4934-BEF2-9193049697FF}.Debug|Any CPU.ActiveCfg = Debug|Any CPU
		{FF196B19-FC02-4934-BEF2-9193049697FF}.Debug|Any CPU.Build.0 = Debug|Any CPU
		{FF196B19-FC02-4934-BEF2-9193049697FF}.Release|Any CPU.ActiveCfg = Release|Any CPU
		{FF196B19-FC02-4934-BEF2-9193049697FF}.Release|Any CPU.Build.0 = Release|Any CPU
		{843CC056-EFDB-4399-ADAB-1A9278452894}.Debug|Any CPU.ActiveCfg = Debug|Any CPU
		{843CC056-EFDB-4399-ADAB-1A9278452894}.Debug|Any CPU.Build.0 = Debug|Any CPU
		{843CC056-EFDB-4399-ADAB-1A9278452894}.Release|Any CPU.ActiveCfg = Release|Any CPU
		{843CC056-EFDB-4399-ADAB-1A9278452894}.Release|Any CPU.Build.0 = Release|Any CPU
		{B47D8B2E-C9CB-4727-9EFC-5B97F90B9BF3}.Debug|Any CPU.ActiveCfg = Debug|Any CPU
		{B47D8B2E-C9CB-4727-9EFC-5B97F90B9BF3}.Debug|Any CPU.Build.0 = Debug|Any CPU
		{B47D8B2E-C9CB-4727-9EFC-5B97F90B9BF3}.Release|Any CPU.ActiveCfg = Release|Any CPU
		{B47D8B2E-C9CB-4727-9EFC-5B97F90B9BF3}.Release|Any CPU.Build.0 = Release|Any CPU
		{9938B4C5-BC05-4D76-A63F-B7FC1B1C9A0E}.Debug|Any CPU.ActiveCfg = Debug|Any CPU
		{9938B4C5-BC05-4D76-A63F-B7FC1B1C9A0E}.Debug|Any CPU.Build.0 = Debug|Any CPU
		{9938B4C5-BC05-4D76-A63F-B7FC1B1C9A0E}.Release|Any CPU.ActiveCfg = Release|Any CPU
		{9938B4C5-BC05-4D76-A63F-B7FC1B1C9A0E}.Release|Any CPU.Build.0 = Release|Any CPU
		{1BC0FFA3-5E96-4D08-9965-4874C016EC62}.Debug|Any CPU.ActiveCfg = Debug|Any CPU
		{1BC0FFA3-5E96-4D08-9965-4874C016EC62}.Debug|Any CPU.Build.0 = Debug|Any CPU
		{1BC0FFA3-5E96-4D08-9965-4874C016EC62}.Release|Any CPU.ActiveCfg = Release|Any CPU
		{1BC0FFA3-5E96-4D08-9965-4874C016EC62}.Release|Any CPU.Build.0 = Release|Any CPU
		{7043727A-407A-46E8-ABB8-E838071751D3}.Debug|Any CPU.ActiveCfg = Debug|Any CPU
		{7043727A-407A-46E8-ABB8-E838071751D3}.Debug|Any CPU.Build.0 = Debug|Any CPU
		{7043727A-407A-46E8-ABB8-E838071751D3}.Release|Any CPU.ActiveCfg = Release|Any CPU
		{7043727A-407A-46E8-ABB8-E838071751D3}.Release|Any CPU.Build.0 = Release|Any CPU
		{5DF4F8A9-F078-42A8-8F68-9F7640F3880C}.Debug|Any CPU.ActiveCfg = Debug|Any CPU
		{5DF4F8A9-F078-42A8-8F68-9F7640F3880C}.Debug|Any CPU.Build.0 = Debug|Any CPU
		{5DF4F8A9-F078-42A8-8F68-9F7640F3880C}.Release|Any CPU.ActiveCfg = Release|Any CPU
		{5DF4F8A9-F078-42A8-8F68-9F7640F3880C}.Release|Any CPU.Build.0 = Release|Any CPU
		{F6F811B6-2B5B-497C-B311-69C3DCFE9F83}.Debug|Any CPU.ActiveCfg = Debug|Any CPU
		{F6F811B6-2B5B-497C-B311-69C3DCFE9F83}.Debug|Any CPU.Build.0 = Debug|Any CPU
		{F6F811B6-2B5B-497C-B311-69C3DCFE9F83}.Release|Any CPU.ActiveCfg = Release|Any CPU
		{F6F811B6-2B5B-497C-B311-69C3DCFE9F83}.Release|Any CPU.Build.0 = Release|Any CPU
		{80D81C2A-1F0C-4C56-A4D5-9DE7A15DEAD7}.Debug|Any CPU.ActiveCfg = Debug|Any CPU
		{80D81C2A-1F0C-4C56-A4D5-9DE7A15DEAD7}.Debug|Any CPU.Build.0 = Debug|Any CPU
		{80D81C2A-1F0C-4C56-A4D5-9DE7A15DEAD7}.Release|Any CPU.ActiveCfg = Release|Any CPU
		{80D81C2A-1F0C-4C56-A4D5-9DE7A15DEAD7}.Release|Any CPU.Build.0 = Release|Any CPU
		{F1ACE5AD-3304-4B8E-8DE0-2DC723AC8308}.Debug|Any CPU.ActiveCfg = Debug|Any CPU
		{F1ACE5AD-3304-4B8E-8DE0-2DC723AC8308}.Debug|Any CPU.Build.0 = Debug|Any CPU
		{F1ACE5AD-3304-4B8E-8DE0-2DC723AC8308}.Release|Any CPU.ActiveCfg = Release|Any CPU
		{F1ACE5AD-3304-4B8E-8DE0-2DC723AC8308}.Release|Any CPU.Build.0 = Release|Any CPU
		{C3C0A0F0-39A9-4271-B257-ACA013022961}.Debug|Any CPU.ActiveCfg = Debug|Any CPU
		{C3C0A0F0-39A9-4271-B257-ACA013022961}.Debug|Any CPU.Build.0 = Debug|Any CPU
		{C3C0A0F0-39A9-4271-B257-ACA013022961}.Release|Any CPU.ActiveCfg = Release|Any CPU
		{C3C0A0F0-39A9-4271-B257-ACA013022961}.Release|Any CPU.Build.0 = Release|Any CPU
		{183809F6-1B69-4E63-A326-41F0A1975866}.Debug|Any CPU.ActiveCfg = Debug|Any CPU
		{183809F6-1B69-4E63-A326-41F0A1975866}.Debug|Any CPU.Build.0 = Debug|Any CPU
		{183809F6-1B69-4E63-A326-41F0A1975866}.Release|Any CPU.ActiveCfg = Release|Any CPU
		{183809F6-1B69-4E63-A326-41F0A1975866}.Release|Any CPU.Build.0 = Release|Any CPU
		{211D6D60-381F-4930-A43B-6F67F0902DFF}.Debug|Any CPU.ActiveCfg = Debug|Any CPU
		{211D6D60-381F-4930-A43B-6F67F0902DFF}.Debug|Any CPU.Build.0 = Debug|Any CPU
		{211D6D60-381F-4930-A43B-6F67F0902DFF}.Release|Any CPU.ActiveCfg = Release|Any CPU
		{211D6D60-381F-4930-A43B-6F67F0902DFF}.Release|Any CPU.Build.0 = Release|Any CPU
		{0BB25D22-7975-4B7B-A284-C3F5A2D49854}.Debug|Any CPU.ActiveCfg = Debug|Any CPU
		{0BB25D22-7975-4B7B-A284-C3F5A2D49854}.Debug|Any CPU.Build.0 = Debug|Any CPU
		{0BB25D22-7975-4B7B-A284-C3F5A2D49854}.Release|Any CPU.ActiveCfg = Release|Any CPU
		{0BB25D22-7975-4B7B-A284-C3F5A2D49854}.Release|Any CPU.Build.0 = Release|Any CPU
		{922307D7-EFC0-4D77-9B0B-4B66381320F0}.Debug|Any CPU.ActiveCfg = Debug|Any CPU
		{922307D7-EFC0-4D77-9B0B-4B66381320F0}.Debug|Any CPU.Build.0 = Debug|Any CPU
		{922307D7-EFC0-4D77-9B0B-4B66381320F0}.Release|Any CPU.ActiveCfg = Release|Any CPU
		{922307D7-EFC0-4D77-9B0B-4B66381320F0}.Release|Any CPU.Build.0 = Release|Any CPU
		{55C9F033-A3EC-4A6C-B45A-096F3D850675}.Debug|Any CPU.ActiveCfg = Debug|Any CPU
		{55C9F033-A3EC-4A6C-B45A-096F3D850675}.Debug|Any CPU.Build.0 = Debug|Any CPU
		{55C9F033-A3EC-4A6C-B45A-096F3D850675}.Release|Any CPU.ActiveCfg = Release|Any CPU
		{55C9F033-A3EC-4A6C-B45A-096F3D850675}.Release|Any CPU.Build.0 = Release|Any CPU
		{C9D6B043-0497-4BE1-AA2E-D0F348C5821A}.Debug|Any CPU.ActiveCfg = Debug|Any CPU
		{C9D6B043-0497-4BE1-AA2E-D0F348C5821A}.Debug|Any CPU.Build.0 = Debug|Any CPU
		{C9D6B043-0497-4BE1-AA2E-D0F348C5821A}.Release|Any CPU.ActiveCfg = Release|Any CPU
		{C9D6B043-0497-4BE1-AA2E-D0F348C5821A}.Release|Any CPU.Build.0 = Release|Any CPU
		{155264B4-51BF-43C1-B47D-FC0060B44F2D}.Debug|Any CPU.ActiveCfg = Debug|Any CPU
		{155264B4-51BF-43C1-B47D-FC0060B44F2D}.Debug|Any CPU.Build.0 = Debug|Any CPU
		{155264B4-51BF-43C1-B47D-FC0060B44F2D}.Release|Any CPU.ActiveCfg = Release|Any CPU
		{155264B4-51BF-43C1-B47D-FC0060B44F2D}.Release|Any CPU.Build.0 = Release|Any CPU
		{1464DF75-3D86-4292-9FC1-0B4C69D82A70}.Debug|Any CPU.ActiveCfg = Debug|Any CPU
		{1464DF75-3D86-4292-9FC1-0B4C69D82A70}.Debug|Any CPU.Build.0 = Debug|Any CPU
		{1464DF75-3D86-4292-9FC1-0B4C69D82A70}.Release|Any CPU.ActiveCfg = Release|Any CPU
		{1464DF75-3D86-4292-9FC1-0B4C69D82A70}.Release|Any CPU.Build.0 = Release|Any CPU
		{7AF2AE3E-370B-4207-98C2-FB5C09EE4125}.Debug|Any CPU.ActiveCfg = Debug|Any CPU
		{7AF2AE3E-370B-4207-98C2-FB5C09EE4125}.Debug|Any CPU.Build.0 = Debug|Any CPU
		{7AF2AE3E-370B-4207-98C2-FB5C09EE4125}.Release|Any CPU.ActiveCfg = Release|Any CPU
		{7AF2AE3E-370B-4207-98C2-FB5C09EE4125}.Release|Any CPU.Build.0 = Release|Any CPU
		{4F507BA2-6F06-47D5-8BC1-F82686E0F2EA}.Debug|Any CPU.ActiveCfg = Debug|Any CPU
		{4F507BA2-6F06-47D5-8BC1-F82686E0F2EA}.Debug|Any CPU.Build.0 = Debug|Any CPU
		{4F507BA2-6F06-47D5-8BC1-F82686E0F2EA}.Release|Any CPU.ActiveCfg = Release|Any CPU
		{4F507BA2-6F06-47D5-8BC1-F82686E0F2EA}.Release|Any CPU.Build.0 = Release|Any CPU
		{DC9C47AA-BE6D-4663-80D5-65CB019D3A28}.Debug|Any CPU.ActiveCfg = Debug|Any CPU
		{DC9C47AA-BE6D-4663-80D5-65CB019D3A28}.Debug|Any CPU.Build.0 = Debug|Any CPU
		{DC9C47AA-BE6D-4663-80D5-65CB019D3A28}.Release|Any CPU.ActiveCfg = Release|Any CPU
		{DC9C47AA-BE6D-4663-80D5-65CB019D3A28}.Release|Any CPU.Build.0 = Release|Any CPU
		{5CE811D9-59F7-47DF-B619-743696DA3796}.Debug|Any CPU.ActiveCfg = Debug|Any CPU
		{5CE811D9-59F7-47DF-B619-743696DA3796}.Debug|Any CPU.Build.0 = Debug|Any CPU
		{5CE811D9-59F7-47DF-B619-743696DA3796}.Release|Any CPU.ActiveCfg = Release|Any CPU
		{5CE811D9-59F7-47DF-B619-743696DA3796}.Release|Any CPU.Build.0 = Release|Any CPU
		{B1E038A8-F764-4AC2-B206-07942E1B4A04}.Debug|Any CPU.ActiveCfg = Debug|Any CPU
		{B1E038A8-F764-4AC2-B206-07942E1B4A04}.Debug|Any CPU.Build.0 = Debug|Any CPU
		{B1E038A8-F764-4AC2-B206-07942E1B4A04}.Release|Any CPU.ActiveCfg = Release|Any CPU
		{B1E038A8-F764-4AC2-B206-07942E1B4A04}.Release|Any CPU.Build.0 = Release|Any CPU
		{9F6FEF1A-5AE2-4C26-A6AB-B28913B0C3EF}.Debug|Any CPU.ActiveCfg = Debug|Any CPU
		{9F6FEF1A-5AE2-4C26-A6AB-B28913B0C3EF}.Debug|Any CPU.Build.0 = Debug|Any CPU
		{9F6FEF1A-5AE2-4C26-A6AB-B28913B0C3EF}.Release|Any CPU.ActiveCfg = Release|Any CPU
		{9F6FEF1A-5AE2-4C26-A6AB-B28913B0C3EF}.Release|Any CPU.Build.0 = Release|Any CPU
		{A9C9ED49-DD5A-4466-9F2A-79B5006BA940}.Debug|Any CPU.ActiveCfg = Debug|Any CPU
		{A9C9ED49-DD5A-4466-9F2A-79B5006BA940}.Debug|Any CPU.Build.0 = Debug|Any CPU
		{A9C9ED49-DD5A-4466-9F2A-79B5006BA940}.Release|Any CPU.ActiveCfg = Release|Any CPU
		{A9C9ED49-DD5A-4466-9F2A-79B5006BA940}.Release|Any CPU.Build.0 = Release|Any CPU
		{FA9F239D-697B-4946-B35B-C86D269C7F62}.Debug|Any CPU.ActiveCfg = Debug|Any CPU
		{FA9F239D-697B-4946-B35B-C86D269C7F62}.Debug|Any CPU.Build.0 = Debug|Any CPU
		{FA9F239D-697B-4946-B35B-C86D269C7F62}.Release|Any CPU.ActiveCfg = Release|Any CPU
		{FA9F239D-697B-4946-B35B-C86D269C7F62}.Release|Any CPU.Build.0 = Release|Any CPU
		{EB43956C-653E-45AB-AFF8-1776596EB3D0}.Debug|Any CPU.ActiveCfg = Debug|Any CPU
		{EB43956C-653E-45AB-AFF8-1776596EB3D0}.Debug|Any CPU.Build.0 = Debug|Any CPU
		{EB43956C-653E-45AB-AFF8-1776596EB3D0}.Release|Any CPU.ActiveCfg = Release|Any CPU
		{EB43956C-653E-45AB-AFF8-1776596EB3D0}.Release|Any CPU.Build.0 = Release|Any CPU
		{EC71D90B-7A28-4B2B-A2D0-E4BC32598153}.Debug|Any CPU.ActiveCfg = Debug|Any CPU
		{EC71D90B-7A28-4B2B-A2D0-E4BC32598153}.Debug|Any CPU.Build.0 = Debug|Any CPU
		{EC71D90B-7A28-4B2B-A2D0-E4BC32598153}.Release|Any CPU.ActiveCfg = Release|Any CPU
		{EC71D90B-7A28-4B2B-A2D0-E4BC32598153}.Release|Any CPU.Build.0 = Release|Any CPU
		{A43EB3A3-192A-47F9-9F51-69D3215861C4}.Debug|Any CPU.ActiveCfg = Debug|Any CPU
		{A43EB3A3-192A-47F9-9F51-69D3215861C4}.Debug|Any CPU.Build.0 = Debug|Any CPU
		{A43EB3A3-192A-47F9-9F51-69D3215861C4}.Release|Any CPU.ActiveCfg = Release|Any CPU
		{A43EB3A3-192A-47F9-9F51-69D3215861C4}.Release|Any CPU.Build.0 = Release|Any CPU
		{D8338193-0BB8-4900-BC00-5B538BFEE930}.Debug|Any CPU.ActiveCfg = Debug|Any CPU
		{D8338193-0BB8-4900-BC00-5B538BFEE930}.Debug|Any CPU.Build.0 = Debug|Any CPU
		{D8338193-0BB8-4900-BC00-5B538BFEE930}.Release|Any CPU.ActiveCfg = Release|Any CPU
		{D8338193-0BB8-4900-BC00-5B538BFEE930}.Release|Any CPU.Build.0 = Release|Any CPU
		{1B25DBA8-68B0-496B-99F7-7900A4FB7FA5}.Debug|Any CPU.ActiveCfg = Debug|Any CPU
		{1B25DBA8-68B0-496B-99F7-7900A4FB7FA5}.Debug|Any CPU.Build.0 = Debug|Any CPU
		{1B25DBA8-68B0-496B-99F7-7900A4FB7FA5}.Release|Any CPU.ActiveCfg = Release|Any CPU
		{1B25DBA8-68B0-496B-99F7-7900A4FB7FA5}.Release|Any CPU.Build.0 = Release|Any CPU
		{13248987-BEB8-4C72-833E-2AF56B711087}.Debug|Any CPU.ActiveCfg = Debug|Any CPU
		{13248987-BEB8-4C72-833E-2AF56B711087}.Debug|Any CPU.Build.0 = Debug|Any CPU
		{13248987-BEB8-4C72-833E-2AF56B711087}.Release|Any CPU.ActiveCfg = Release|Any CPU
		{13248987-BEB8-4C72-833E-2AF56B711087}.Release|Any CPU.Build.0 = Release|Any CPU
		{1C01276E-D810-443E-9766-3AB8758B9ED6}.Debug|Any CPU.ActiveCfg = Debug|Any CPU
		{1C01276E-D810-443E-9766-3AB8758B9ED6}.Debug|Any CPU.Build.0 = Debug|Any CPU
		{1C01276E-D810-443E-9766-3AB8758B9ED6}.Release|Any CPU.ActiveCfg = Release|Any CPU
		{1C01276E-D810-443E-9766-3AB8758B9ED6}.Release|Any CPU.Build.0 = Release|Any CPU
		{E8269DC1-511A-44FA-9F80-EEF258C2D9D8}.Debug|Any CPU.ActiveCfg = Debug|Any CPU
		{E8269DC1-511A-44FA-9F80-EEF258C2D9D8}.Debug|Any CPU.Build.0 = Debug|Any CPU
		{E8269DC1-511A-44FA-9F80-EEF258C2D9D8}.Release|Any CPU.ActiveCfg = Release|Any CPU
		{E8269DC1-511A-44FA-9F80-EEF258C2D9D8}.Release|Any CPU.Build.0 = Release|Any CPU
		{6F2825ED-484D-4D65-9DF6-C038AC1ED939}.Debug|Any CPU.ActiveCfg = Debug|Any CPU
		{6F2825ED-484D-4D65-9DF6-C038AC1ED939}.Debug|Any CPU.Build.0 = Debug|Any CPU
		{6F2825ED-484D-4D65-9DF6-C038AC1ED939}.Release|Any CPU.ActiveCfg = Release|Any CPU
		{6F2825ED-484D-4D65-9DF6-C038AC1ED939}.Release|Any CPU.Build.0 = Release|Any CPU
		{BEA092C6-1984-486A-ACE0-6EC20E526728}.Debug|Any CPU.ActiveCfg = Debug|Any CPU
		{BEA092C6-1984-486A-ACE0-6EC20E526728}.Debug|Any CPU.Build.0 = Debug|Any CPU
		{BEA092C6-1984-486A-ACE0-6EC20E526728}.Release|Any CPU.ActiveCfg = Release|Any CPU
		{BEA092C6-1984-486A-ACE0-6EC20E526728}.Release|Any CPU.Build.0 = Release|Any CPU
		{D7390D9B-1869-4C15-9347-31338831D377}.Debug|Any CPU.ActiveCfg = Debug|Any CPU
		{D7390D9B-1869-4C15-9347-31338831D377}.Debug|Any CPU.Build.0 = Debug|Any CPU
		{D7390D9B-1869-4C15-9347-31338831D377}.Release|Any CPU.ActiveCfg = Release|Any CPU
		{D7390D9B-1869-4C15-9347-31338831D377}.Release|Any CPU.Build.0 = Release|Any CPU
	EndGlobalSection
	GlobalSection(SolutionProperties) = preSolution
		HideSolutionNode = FALSE
	EndGlobalSection
	GlobalSection(NestedProjects) = preSolution
		{87F62051-8281-4FB3-9FBA-0C581C02337E} = {7F365772-9267-42F2-AF6C-4B2416DF7DE2}
		{2FDA220A-5723-4A28-943A-7AE044DCD0D7} = {7F365772-9267-42F2-AF6C-4B2416DF7DE2}
		{66F2519A-8343-4F99-9AAD-4D590CA61C1D} = {7F365772-9267-42F2-AF6C-4B2416DF7DE2}
		{39F9BB85-ABB6-4D0A-A0E0-FCA332D0E872} = {87F62051-8281-4FB3-9FBA-0C581C02337E}
		{722E1075-2124-4A13-AB62-AC58DE79F50C} = {87F62051-8281-4FB3-9FBA-0C581C02337E}
		{861A4622-9803-4F18-92CC-D55894CE870D} = {2FDA220A-5723-4A28-943A-7AE044DCD0D7}
		{11AEAAEE-0750-495B-AD00-E927AC08567D} = {66F2519A-8343-4F99-9AAD-4D590CA61C1D}
		{AB6BC1EE-E793-4049-B970-B8A4E9DE5F72} = {66F2519A-8343-4F99-9AAD-4D590CA61C1D}
		{BB77C8D5-D7DE-4BCD-B83F-E3599FA8DFA7} = {66F2519A-8343-4F99-9AAD-4D590CA61C1D}
		{51173E98-D2DB-461A-BF4E-3F0F0EC3CFF0} = {39F9BB85-ABB6-4D0A-A0E0-FCA332D0E872}
		{829DCAFB-ADFC-49F6-97DC-29021E917539} = {39F9BB85-ABB6-4D0A-A0E0-FCA332D0E872}
		{28FD517A-1359-4FFB-8F1D-6EE6303DCB71} = {722E1075-2124-4A13-AB62-AC58DE79F50C}
		{F04CCD20-D2EB-45E4-B66F-1D6D6551CB3A} = {861A4622-9803-4F18-92CC-D55894CE870D}
		{00F7229C-7503-4A56-A25F-FEBED95DA635} = {11AEAAEE-0750-495B-AD00-E927AC08567D}
		{58F823C8-4F36-4BC4-BB14-643796675C2B} = {AB6BC1EE-E793-4049-B970-B8A4E9DE5F72}
		{A3FE4252-D71B-48F0-947D-C2B40CE454F7} = {BB77C8D5-D7DE-4BCD-B83F-E3599FA8DFA7}
		{ADF6D80D-1E01-40ED-9830-E23E66893FAE} = {829DCAFB-ADFC-49F6-97DC-29021E917539}
		{0474524B-3B99-4CF8-814D-09B44362631B} = {829DCAFB-ADFC-49F6-97DC-29021E917539}
		{18EEA3A3-02D1-44DC-9B02-D517A286DDD0} = {829DCAFB-ADFC-49F6-97DC-29021E917539}
		{291B9907-31AC-488C-A086-DB6B9A203170} = {722E1075-2124-4A13-AB62-AC58DE79F50C}
		{3AAC94AE-1D9C-46A5-B5D6-C37584FD9CB4} = {28FD517A-1359-4FFB-8F1D-6EE6303DCB71}
		{FF196B19-FC02-4934-BEF2-9193049697FF} = {28FD517A-1359-4FFB-8F1D-6EE6303DCB71}
		{843CC056-EFDB-4399-ADAB-1A9278452894} = {28FD517A-1359-4FFB-8F1D-6EE6303DCB71}
		{B47D8B2E-C9CB-4727-9EFC-5B97F90B9BF3} = {861A4622-9803-4F18-92CC-D55894CE870D}
		{9938B4C5-BC05-4D76-A63F-B7FC1B1C9A0E} = {F04CCD20-D2EB-45E4-B66F-1D6D6551CB3A}
		{1BC0FFA3-5E96-4D08-9965-4874C016EC62} = {F04CCD20-D2EB-45E4-B66F-1D6D6551CB3A}
		{7043727A-407A-46E8-ABB8-E838071751D3} = {F04CCD20-D2EB-45E4-B66F-1D6D6551CB3A}
		{5DF4F8A9-F078-42A8-8F68-9F7640F3880C} = {11AEAAEE-0750-495B-AD00-E927AC08567D}
		{F6F811B6-2B5B-497C-B311-69C3DCFE9F83} = {00F7229C-7503-4A56-A25F-FEBED95DA635}
		{80D81C2A-1F0C-4C56-A4D5-9DE7A15DEAD7} = {00F7229C-7503-4A56-A25F-FEBED95DA635}
		{F1ACE5AD-3304-4B8E-8DE0-2DC723AC8308} = {00F7229C-7503-4A56-A25F-FEBED95DA635}
		{C3C0A0F0-39A9-4271-B257-ACA013022961} = {AB6BC1EE-E793-4049-B970-B8A4E9DE5F72}
		{183809F6-1B69-4E63-A326-41F0A1975866} = {58F823C8-4F36-4BC4-BB14-643796675C2B}
		{211D6D60-381F-4930-A43B-6F67F0902DFF} = {58F823C8-4F36-4BC4-BB14-643796675C2B}
		{0BB25D22-7975-4B7B-A284-C3F5A2D49854} = {58F823C8-4F36-4BC4-BB14-643796675C2B}
		{922307D7-EFC0-4D77-9B0B-4B66381320F0} = {BB77C8D5-D7DE-4BCD-B83F-E3599FA8DFA7}
		{55C9F033-A3EC-4A6C-B45A-096F3D850675} = {A3FE4252-D71B-48F0-947D-C2B40CE454F7}
		{C9D6B043-0497-4BE1-AA2E-D0F348C5821A} = {A3FE4252-D71B-48F0-947D-C2B40CE454F7}
		{155264B4-51BF-43C1-B47D-FC0060B44F2D} = {A3FE4252-D71B-48F0-947D-C2B40CE454F7}
		{1464DF75-3D86-4292-9FC1-0B4C69D82A70} = {F5CEF873-E025-49ED-B974-7BCAE4386875}
		{4EC2DD46-EDB4-4B27-80AC-141ECDE996B6} = {7F1351EE-3D08-40C5-9766-AFC31881C658}
		{915FB00E-7812-4A14-A9E7-21F7267CB264} = {7F1351EE-3D08-40C5-9766-AFC31881C658}
		{0884B5EB-4B6E-42E4-9721-9A768C51D884} = {7F1351EE-3D08-40C5-9766-AFC31881C658}
		{D21C7BEF-C20B-451A-9833-83192C420BD3} = {7F1351EE-3D08-40C5-9766-AFC31881C658}
		{7AF2AE3E-370B-4207-98C2-FB5C09EE4125} = {4EC2DD46-EDB4-4B27-80AC-141ECDE996B6}
		{4F507BA2-6F06-47D5-8BC1-F82686E0F2EA} = {4EC2DD46-EDB4-4B27-80AC-141ECDE996B6}
		{DC9C47AA-BE6D-4663-80D5-65CB019D3A28} = {4EC2DD46-EDB4-4B27-80AC-141ECDE996B6}
		{5CE811D9-59F7-47DF-B619-743696DA3796} = {4EC2DD46-EDB4-4B27-80AC-141ECDE996B6}
		{B1E038A8-F764-4AC2-B206-07942E1B4A04} = {915FB00E-7812-4A14-A9E7-21F7267CB264}
		{9F6FEF1A-5AE2-4C26-A6AB-B28913B0C3EF} = {915FB00E-7812-4A14-A9E7-21F7267CB264}
		{A9C9ED49-DD5A-4466-9F2A-79B5006BA940} = {0884B5EB-4B6E-42E4-9721-9A768C51D884}
		{FA9F239D-697B-4946-B35B-C86D269C7F62} = {0884B5EB-4B6E-42E4-9721-9A768C51D884}
		{EB43956C-653E-45AB-AFF8-1776596EB3D0} = {D21C7BEF-C20B-451A-9833-83192C420BD3}
		{EC71D90B-7A28-4B2B-A2D0-E4BC32598153} = {D21C7BEF-C20B-451A-9833-83192C420BD3}
		{A43EB3A3-192A-47F9-9F51-69D3215861C4} = {D21C7BEF-C20B-451A-9833-83192C420BD3}
		{D8338193-0BB8-4900-BC00-5B538BFEE930} = {D21C7BEF-C20B-451A-9833-83192C420BD3}
		{1B25DBA8-68B0-496B-99F7-7900A4FB7FA5} = {F5CEF873-E025-49ED-B974-7BCAE4386875}
		{6E37CB56-0591-4FB3-BBAF-7EC1C88C3BE9} = {66F2519A-8343-4F99-9AAD-4D590CA61C1D}
		{13248987-BEB8-4C72-833E-2AF56B711087} = {6E37CB56-0591-4FB3-BBAF-7EC1C88C3BE9}
		{CE3FE3DC-F11D-4CF7-9FA6-081E376DD6C5} = {6E37CB56-0591-4FB3-BBAF-7EC1C88C3BE9}
		{1C01276E-D810-443E-9766-3AB8758B9ED6} = {CE3FE3DC-F11D-4CF7-9FA6-081E376DD6C5}
		{E8269DC1-511A-44FA-9F80-EEF258C2D9D8} = {915FB00E-7812-4A14-A9E7-21F7267CB264}
		{AFFCC124-8729-416A-A32B-E25D15A88869} = {D21C7BEF-C20B-451A-9833-83192C420BD3}
		{05CC6E4F-B96B-4E7A-8F08-52F1980B16D8} = {0884B5EB-4B6E-42E4-9721-9A768C51D884}
		{DEF0DC6A-7156-4578-AA8B-232066144988} = {7F1351EE-3D08-40C5-9766-AFC31881C658}
		{6F2825ED-484D-4D65-9DF6-C038AC1ED939} = {DEF0DC6A-7156-4578-AA8B-232066144988}
		{BEA092C6-1984-486A-ACE0-6EC20E526728} = {DEF0DC6A-7156-4578-AA8B-232066144988}
		{D7390D9B-1869-4C15-9347-31338831D377} = {DEF0DC6A-7156-4578-AA8B-232066144988}
		{B82C448B-6B46-489F-B160-46DFB19FC5BB} = {DEF0DC6A-7156-4578-AA8B-232066144988}
	EndGlobalSection
	GlobalSection(ExtensibilityGlobals) = postSolution
		SolutionGuid = {DBD1FD10-66A6-4D20-BF13-62EC84D948FD}
	EndGlobalSection
	GlobalSection(SharedMSBuildProjectFiles) = preSolution
		InterfaceSegregation_Shared\InterfaceSegregation_Shared.projitems*{05cc6e4f-b96b-4e7a-8f08-52f1980b16d8}*SharedItemsImports = 13
		SingleResponsibility_Shared\SingleResponsibility_Shared.projitems*{6f2825ed-484d-4d65-9df6-c038ac1ed939}*SharedItemsImports = 5
		DependencyInversion_Shared\DependencyInversion_Shared.projitems*{a43eb3a3-192a-47f9-9f51-69d3215861c4}*SharedItemsImports = 5
		InterfaceSegregation_Shared\InterfaceSegregation_Shared.projitems*{a9c9ed49-dd5a-4466-9f2a-79b5006ba940}*SharedItemsImports = 5
		DependencyInversion_Shared\DependencyInversion_Shared.projitems*{affcc124-8729-416a-a32b-e25d15a88869}*SharedItemsImports = 13
		SingleResponsibility_Shared\SingleResponsibility_Shared.projitems*{b82c448b-6b46-489f-b160-46dfb19fc5bb}*SharedItemsImports = 13
		SingleResponsibility_Shared\SingleResponsibility_Shared.projitems*{bea092c6-1984-486a-ace0-6ec20e526728}*SharedItemsImports = 5
		SingleResponsibility_Shared\SingleResponsibility_Shared.projitems*{d7390d9b-1869-4c15-9347-31338831d377}*SharedItemsImports = 5
		DependencyInversion_Shared\DependencyInversion_Shared.projitems*{d8338193-0bb8-4900-bc00-5b538bfee930}*SharedItemsImports = 5
		DependencyInversion_Shared\DependencyInversion_Shared.projitems*{eb43956c-653e-45ab-aff8-1776596eb3d0}*SharedItemsImports = 5
		DependencyInversion_Shared\DependencyInversion_Shared.projitems*{ec71d90b-7a28-4b2b-a2d0-e4bc32598153}*SharedItemsImports = 5
		InterfaceSegregation_Shared\InterfaceSegregation_Shared.projitems*{fa9f239d-697b-4946-b35b-c86d269c7f62}*SharedItemsImports = 5
	EndGlobalSection
EndGlobal
